// !$*UTF8*$!
{
	archiveVersion = 1;
	classes = {
	};
	objectVersion = 46;
	objects = {

/* Begin PBXBuildFile section */
		3EF2ACF9146A1CB50012AC16 /* Foundation.framework in Frameworks */ = {isa = PBXBuildFile; fileRef = 3EF2ACF8146A1CB50012AC16 /* Foundation.framework */; };
		3EF2AD07146A1CB50012AC16 /* SenTestingKit.framework in Frameworks */ = {isa = PBXBuildFile; fileRef = 3EF2AD06146A1CB50012AC16 /* SenTestingKit.framework */; };
		3EF2AD09146A1CB50012AC16 /* UIKit.framework in Frameworks */ = {isa = PBXBuildFile; fileRef = 3EF2AD08146A1CB50012AC16 /* UIKit.framework */; };
		3EF2AD0A146A1CB50012AC16 /* Foundation.framework in Frameworks */ = {isa = PBXBuildFile; fileRef = 3EF2ACF8146A1CB50012AC16 /* Foundation.framework */; };
		3EF2AD0D146A1CB50012AC16 /* libLPNKit.a in Frameworks */ = {isa = PBXBuildFile; fileRef = 3EF2ACF5146A1CB50012AC16 /* libLPNKit.a */; };
		3EF2AD13146A1CB50012AC16 /* InfoPlist.strings in Resources */ = {isa = PBXBuildFile; fileRef = 3EF2AD11146A1CB50012AC16 /* InfoPlist.strings */; };
		3EF2AD21146A20340012AC16 /* LPNPhoneNumber.h in Headers */ = {isa = PBXBuildFile; fileRef = 3EF2AD1F146A20340012AC16 /* LPNPhoneNumber.h */; };
		3EF2AD22146A20340012AC16 /* LPNPhoneNumber.m in Sources */ = {isa = PBXBuildFile; fileRef = 3EF2AD20146A20340012AC16 /* LPNPhoneNumber.m */; };
		444037B7146A481F0028A134 /* LPNPhoneNumberTests.m in Sources */ = {isa = PBXBuildFile; fileRef = 444037B6146A481F0028A134 /* LPNPhoneNumberTests.m */; };
		444037BE146A6D810028A134 /* LPNPhoneNumberMatchTests.m in Sources */ = {isa = PBXBuildFile; fileRef = 444037BD146A6D810028A134 /* LPNPhoneNumberMatchTests.m */; };
		444037C2146A6E510028A134 /* LPNPhoneNumberMatch.h in Headers */ = {isa = PBXBuildFile; fileRef = 444037C0146A6E510028A134 /* LPNPhoneNumberMatch.h */; };
		444037C3146A6E510028A134 /* LPNPhoneNumberMatch.m in Sources */ = {isa = PBXBuildFile; fileRef = 444037C1146A6E510028A134 /* LPNPhoneNumberMatch.m */; };
/* End PBXBuildFile section */

/* Begin PBXContainerItemProxy section */
		3EF2AD0B146A1CB50012AC16 /* PBXContainerItemProxy */ = {
			isa = PBXContainerItemProxy;
			containerPortal = 3EF2ACEC146A1CB40012AC16 /* Project object */;
			proxyType = 1;
			remoteGlobalIDString = 3EF2ACF4146A1CB50012AC16;
			remoteInfo = LPNKit;
		};
/* End PBXContainerItemProxy section */

/* Begin PBXFileReference section */
		3EF2ACF5146A1CB50012AC16 /* libLPNKit.a */ = {isa = PBXFileReference; explicitFileType = archive.ar; includeInIndex = 0; path = libLPNKit.a; sourceTree = BUILT_PRODUCTS_DIR; };
		3EF2ACF8146A1CB50012AC16 /* Foundation.framework */ = {isa = PBXFileReference; lastKnownFileType = wrapper.framework; name = Foundation.framework; path = System/Library/Frameworks/Foundation.framework; sourceTree = SDKROOT; };
		3EF2ACFC146A1CB50012AC16 /* LPNKit-Prefix.pch */ = {isa = PBXFileReference; lastKnownFileType = sourcecode.c.h; path = "LPNKit-Prefix.pch"; sourceTree = "<group>"; };
		3EF2AD05146A1CB50012AC16 /* LPNKitTests.octest */ = {isa = PBXFileReference; explicitFileType = wrapper.cfbundle; includeInIndex = 0; path = LPNKitTests.octest; sourceTree = BUILT_PRODUCTS_DIR; };
		3EF2AD06146A1CB50012AC16 /* SenTestingKit.framework */ = {isa = PBXFileReference; lastKnownFileType = wrapper.framework; name = SenTestingKit.framework; path = Library/Frameworks/SenTestingKit.framework; sourceTree = DEVELOPER_DIR; };
		3EF2AD08146A1CB50012AC16 /* UIKit.framework */ = {isa = PBXFileReference; lastKnownFileType = wrapper.framework; name = UIKit.framework; path = Library/Frameworks/UIKit.framework; sourceTree = DEVELOPER_DIR; };
		3EF2AD10146A1CB50012AC16 /* LPNKitTests-Info.plist */ = {isa = PBXFileReference; lastKnownFileType = text.plist.xml; path = "LPNKitTests-Info.plist"; sourceTree = "<group>"; };
		3EF2AD12146A1CB50012AC16 /* en */ = {isa = PBXFileReference; lastKnownFileType = text.plist.strings; name = en; path = en.lproj/InfoPlist.strings; sourceTree = "<group>"; };
		3EF2AD1F146A20340012AC16 /* LPNPhoneNumber.h */ = {isa = PBXFileReference; fileEncoding = 4; lastKnownFileType = sourcecode.c.h; path = LPNPhoneNumber.h; sourceTree = "<group>"; };
		3EF2AD20146A20340012AC16 /* LPNPhoneNumber.m */ = {isa = PBXFileReference; fileEncoding = 4; lastKnownFileType = sourcecode.c.objc; path = LPNPhoneNumber.m; sourceTree = "<group>"; };
		444037B5146A481F0028A134 /* LPNPhoneNumberTests.h */ = {isa = PBXFileReference; fileEncoding = 4; lastKnownFileType = sourcecode.c.h; path = LPNPhoneNumberTests.h; sourceTree = "<group>"; };
		444037B6146A481F0028A134 /* LPNPhoneNumberTests.m */ = {isa = PBXFileReference; fileEncoding = 4; lastKnownFileType = sourcecode.c.objc; path = LPNPhoneNumberTests.m; sourceTree = "<group>"; };
		444037BC146A6D810028A134 /* LPNPhoneNumberMatchTests.h */ = {isa = PBXFileReference; fileEncoding = 4; lastKnownFileType = sourcecode.c.h; path = LPNPhoneNumberMatchTests.h; sourceTree = "<group>"; };
		444037BD146A6D810028A134 /* LPNPhoneNumberMatchTests.m */ = {isa = PBXFileReference; fileEncoding = 4; lastKnownFileType = sourcecode.c.objc; path = LPNPhoneNumberMatchTests.m; sourceTree = "<group>"; };
		444037C0146A6E510028A134 /* LPNPhoneNumberMatch.h */ = {isa = PBXFileReference; fileEncoding = 4; lastKnownFileType = sourcecode.c.h; path = LPNPhoneNumberMatch.h; sourceTree = "<group>"; };
		444037C1146A6E510028A134 /* LPNPhoneNumberMatch.m */ = {isa = PBXFileReference; fileEncoding = 4; lastKnownFileType = sourcecode.c.objc; path = LPNPhoneNumberMatch.m; sourceTree = "<group>"; };
/* End PBXFileReference section */

/* Begin PBXFrameworksBuildPhase section */
		3EF2ACF2146A1CB50012AC16 /* Frameworks */ = {
			isa = PBXFrameworksBuildPhase;
			buildActionMask = 2147483647;
			files = (
				3EF2ACF9146A1CB50012AC16 /* Foundation.framework in Frameworks */,
			);
			runOnlyForDeploymentPostprocessing = 0;
		};
		3EF2AD01146A1CB50012AC16 /* Frameworks */ = {
			isa = PBXFrameworksBuildPhase;
			buildActionMask = 2147483647;
			files = (
				3EF2AD07146A1CB50012AC16 /* SenTestingKit.framework in Frameworks */,
				3EF2AD09146A1CB50012AC16 /* UIKit.framework in Frameworks */,
				3EF2AD0A146A1CB50012AC16 /* Foundation.framework in Frameworks */,
				3EF2AD0D146A1CB50012AC16 /* libLPNKit.a in Frameworks */,
			);
			runOnlyForDeploymentPostprocessing = 0;
		};
/* End PBXFrameworksBuildPhase section */

/* Begin PBXGroup section */
		3EF2ACEA146A1CB40012AC16 = {
			isa = PBXGroup;
			children = (
				3EF2ACFA146A1CB50012AC16 /* LPNKit */,
				3EF2AD0E146A1CB50012AC16 /* LPNKitTests */,
				3EF2ACF7146A1CB50012AC16 /* Frameworks */,
				3EF2ACF6146A1CB50012AC16 /* Products */,
			);
			sourceTree = "<group>";
		};
		3EF2ACF6146A1CB50012AC16 /* Products */ = {
			isa = PBXGroup;
			children = (
				3EF2ACF5146A1CB50012AC16 /* libLPNKit.a */,
				3EF2AD05146A1CB50012AC16 /* LPNKitTests.octest */,
			);
			name = Products;
			sourceTree = "<group>";
		};
		3EF2ACF7146A1CB50012AC16 /* Frameworks */ = {
			isa = PBXGroup;
			children = (
				3EF2ACF8146A1CB50012AC16 /* Foundation.framework */,
				3EF2AD06146A1CB50012AC16 /* SenTestingKit.framework */,
				3EF2AD08146A1CB50012AC16 /* UIKit.framework */,
			);
			name = Frameworks;
			sourceTree = "<group>";
		};
		3EF2ACFA146A1CB50012AC16 /* LPNKit */ = {
			isa = PBXGroup;
			children = (
				3EF2ACFB146A1CB50012AC16 /* Supporting Files */,
				3EF2AD1F146A20340012AC16 /* LPNPhoneNumber.h */,
				3EF2AD20146A20340012AC16 /* LPNPhoneNumber.m */,
				444037C0146A6E510028A134 /* LPNPhoneNumberMatch.h */,
				444037C1146A6E510028A134 /* LPNPhoneNumberMatch.m */,
			);
			path = LPNKit;
			sourceTree = "<group>";
		};
		3EF2ACFB146A1CB50012AC16 /* Supporting Files */ = {
			isa = PBXGroup;
			children = (
				3EF2ACFC146A1CB50012AC16 /* LPNKit-Prefix.pch */,
			);
			name = "Supporting Files";
			sourceTree = "<group>";
		};
		3EF2AD0E146A1CB50012AC16 /* LPNKitTests */ = {
			isa = PBXGroup;
			children = (
				3EF2AD0F146A1CB50012AC16 /* Supporting Files */,
				444037B5146A481F0028A134 /* LPNPhoneNumberTests.h */,
				444037B6146A481F0028A134 /* LPNPhoneNumberTests.m */,
				444037BC146A6D810028A134 /* LPNPhoneNumberMatchTests.h */,
				444037BD146A6D810028A134 /* LPNPhoneNumberMatchTests.m */,
			);
			path = LPNKitTests;
			sourceTree = "<group>";
		};
		3EF2AD0F146A1CB50012AC16 /* Supporting Files */ = {
			isa = PBXGroup;
			children = (
				3EF2AD10146A1CB50012AC16 /* LPNKitTests-Info.plist */,
				3EF2AD11146A1CB50012AC16 /* InfoPlist.strings */,
			);
			name = "Supporting Files";
			sourceTree = "<group>";
		};
/* End PBXGroup section */

/* Begin PBXHeadersBuildPhase section */
		3EF2ACF3146A1CB50012AC16 /* Headers */ = {
			isa = PBXHeadersBuildPhase;
			buildActionMask = 2147483647;
			files = (
				3EF2AD21146A20340012AC16 /* LPNPhoneNumber.h in Headers */,
				444037C2146A6E510028A134 /* LPNPhoneNumberMatch.h in Headers */,
			);
			runOnlyForDeploymentPostprocessing = 0;
		};
/* End PBXHeadersBuildPhase section */

/* Begin PBXNativeTarget section */
		3EF2ACF4146A1CB50012AC16 /* LPNKit */ = {
			isa = PBXNativeTarget;
			buildConfigurationList = 3EF2AD19146A1CB50012AC16 /* Build configuration list for PBXNativeTarget "LPNKit" */;
			buildPhases = (
				3EF2ACF1146A1CB50012AC16 /* Sources */,
				3EF2ACF2146A1CB50012AC16 /* Frameworks */,
				3EF2ACF3146A1CB50012AC16 /* Headers */,
			);
			buildRules = (
			);
			dependencies = (
			);
			name = LPNKit;
			productName = LPNKit;
			productReference = 3EF2ACF5146A1CB50012AC16 /* libLPNKit.a */;
			productType = "com.apple.product-type.library.static";
		};
		3EF2AD04146A1CB50012AC16 /* LPNKitTests */ = {
			isa = PBXNativeTarget;
			buildConfigurationList = 3EF2AD1C146A1CB50012AC16 /* Build configuration list for PBXNativeTarget "LPNKitTests" */;
			buildPhases = (
				3EF2AD00146A1CB50012AC16 /* Sources */,
				3EF2AD01146A1CB50012AC16 /* Frameworks */,
				3EF2AD02146A1CB50012AC16 /* Resources */,
				3EF2AD03146A1CB50012AC16 /* ShellScript */,
			);
			buildRules = (
			);
			dependencies = (
				3EF2AD0C146A1CB50012AC16 /* PBXTargetDependency */,
			);
			name = LPNKitTests;
			productName = LPNKitTests;
			productReference = 3EF2AD05146A1CB50012AC16 /* LPNKitTests.octest */;
			productType = "com.apple.product-type.bundle";
		};
/* End PBXNativeTarget section */

/* Begin PBXProject section */
		3EF2ACEC146A1CB40012AC16 /* Project object */ = {
			isa = PBXProject;
			attributes = {
				LastUpgradeCheck = 0420;
				ORGANIZATIONNAME = "Darryl H. Thomas";
			};
			buildConfigurationList = 3EF2ACEF146A1CB40012AC16 /* Build configuration list for PBXProject "LPNKit" */;
			compatibilityVersion = "Xcode 3.2";
			developmentRegion = English;
			hasScannedForEncodings = 0;
			knownRegions = (
				en,
			);
			mainGroup = 3EF2ACEA146A1CB40012AC16;
			productRefGroup = 3EF2ACF6146A1CB50012AC16 /* Products */;
			projectDirPath = "";
			projectRoot = "";
			targets = (
				3EF2ACF4146A1CB50012AC16 /* LPNKit */,
				3EF2AD04146A1CB50012AC16 /* LPNKitTests */,
			);
		};
/* End PBXProject section */

/* Begin PBXResourcesBuildPhase section */
		3EF2AD02146A1CB50012AC16 /* Resources */ = {
			isa = PBXResourcesBuildPhase;
			buildActionMask = 2147483647;
			files = (
				3EF2AD13146A1CB50012AC16 /* InfoPlist.strings in Resources */,
			);
			runOnlyForDeploymentPostprocessing = 0;
		};
/* End PBXResourcesBuildPhase section */

/* Begin PBXShellScriptBuildPhase section */
		3EF2AD03146A1CB50012AC16 /* ShellScript */ = {
			isa = PBXShellScriptBuildPhase;
			buildActionMask = 2147483647;
			files = (
			);
			inputPaths = (
			);
			outputPaths = (
			);
			runOnlyForDeploymentPostprocessing = 0;
			shellPath = /bin/sh;
			shellScript = "# Run the unit tests in this test bundle.\n\"${SYSTEM_DEVELOPER_DIR}/Tools/RunUnitTests\"\n";
		};
/* End PBXShellScriptBuildPhase section */

/* Begin PBXSourcesBuildPhase section */
		3EF2ACF1146A1CB50012AC16 /* Sources */ = {
			isa = PBXSourcesBuildPhase;
			buildActionMask = 2147483647;
			files = (
				3EF2AD22146A20340012AC16 /* LPNPhoneNumber.m in Sources */,
				444037C3146A6E510028A134 /* LPNPhoneNumberMatch.m in Sources */,
			);
			runOnlyForDeploymentPostprocessing = 0;
		};
		3EF2AD00146A1CB50012AC16 /* Sources */ = {
			isa = PBXSourcesBuildPhase;
			buildActionMask = 2147483647;
			files = (
				444037B7146A481F0028A134 /* LPNPhoneNumberTests.m in Sources */,
				444037BE146A6D810028A134 /* LPNPhoneNumberMatchTests.m in Sources */,
			);
			runOnlyForDeploymentPostprocessing = 0;
		};
/* End PBXSourcesBuildPhase section */

/* Begin PBXTargetDependency section */
		3EF2AD0C146A1CB50012AC16 /* PBXTargetDependency */ = {
			isa = PBXTargetDependency;
			target = 3EF2ACF4146A1CB50012AC16 /* LPNKit */;
			targetProxy = 3EF2AD0B146A1CB50012AC16 /* PBXContainerItemProxy */;
		};
/* End PBXTargetDependency section */

/* Begin PBXVariantGroup section */
		3EF2AD11146A1CB50012AC16 /* InfoPlist.strings */ = {
			isa = PBXVariantGroup;
			children = (
				3EF2AD12146A1CB50012AC16 /* en */,
			);
			name = InfoPlist.strings;
			sourceTree = "<group>";
		};
/* End PBXVariantGroup section */

/* Begin XCBuildConfiguration section */
		3EF2AD17146A1CB50012AC16 /* Debug */ = {
			isa = XCBuildConfiguration;
			buildSettings = {
				ALWAYS_SEARCH_USER_PATHS = NO;
				ARCHS = "$(ARCHS_STANDARD_32_BIT)";
				COPY_PHASE_STRIP = NO;
				GCC_C_LANGUAGE_STANDARD = gnu99;
				GCC_DYNAMIC_NO_PIC = NO;
				GCC_OPTIMIZATION_LEVEL = 0;
				GCC_PREPROCESSOR_DEFINITIONS = (
					"DEBUG=1",
					"$(inherited)",
				);
				GCC_SYMBOLS_PRIVATE_EXTERN = NO;
				GCC_VERSION = com.apple.compilers.llvm.clang.1_0;
				GCC_WARN_ABOUT_MISSING_PROTOTYPES = YES;
				GCC_WARN_ABOUT_RETURN_TYPE = YES;
				GCC_WARN_UNUSED_VARIABLE = YES;
				IPHONEOS_DEPLOYMENT_TARGET = 4.0;
				SDKROOT = iphoneos;
			};
			name = Debug;
		};
		3EF2AD18146A1CB50012AC16 /* Release */ = {
			isa = XCBuildConfiguration;
			buildSettings = {
				ALWAYS_SEARCH_USER_PATHS = NO;
				ARCHS = "$(ARCHS_STANDARD_32_BIT)";
				COPY_PHASE_STRIP = YES;
				GCC_C_LANGUAGE_STANDARD = gnu99;
				GCC_VERSION = com.apple.compilers.llvm.clang.1_0;
				GCC_WARN_ABOUT_MISSING_PROTOTYPES = YES;
				GCC_WARN_ABOUT_RETURN_TYPE = YES;
				GCC_WARN_UNUSED_VARIABLE = YES;
				IPHONEOS_DEPLOYMENT_TARGET = 4.0;
				SDKROOT = iphoneos;
				VALIDATE_PRODUCT = YES;
			};
			name = Release;
		};
		3EF2AD1A146A1CB50012AC16 /* Debug */ = {
			isa = XCBuildConfiguration;
			buildSettings = {
				DSTROOT = /tmp/LPNKit.dst;
				GCC_PRECOMPILE_PREFIX_HEADER = YES;
				GCC_PREFIX_HEADER = "LPNKit/LPNKit-Prefix.pch";
				OTHER_LDFLAGS = "-ObjC";
				PRODUCT_NAME = "$(TARGET_NAME)";
				SKIP_INSTALL = YES;
			};
			name = Debug;
		};
		3EF2AD1B146A1CB50012AC16 /* Release */ = {
			isa = XCBuildConfiguration;
			buildSettings = {
				DSTROOT = /tmp/LPNKit.dst;
				GCC_PRECOMPILE_PREFIX_HEADER = YES;
				GCC_PREFIX_HEADER = "LPNKit/LPNKit-Prefix.pch";
				OTHER_LDFLAGS = "-ObjC";
				PRODUCT_NAME = "$(TARGET_NAME)";
				SKIP_INSTALL = YES;
			};
			name = Release;
		};
		3EF2AD1D146A1CB50012AC16 /* Debug */ = {
			isa = XCBuildConfiguration;
			buildSettings = {
				FRAMEWORK_SEARCH_PATHS = (
					"$(SDKROOT)/Developer/Library/Frameworks",
					"$(DEVELOPER_LIBRARY_DIR)/Frameworks",
				);
				GCC_PRECOMPILE_PREFIX_HEADER = YES;
				GCC_PREFIX_HEADER = "LPNKit/LPNKit-Prefix.pch";
				INFOPLIST_FILE = "LPNKitTests/LPNKitTests-Info.plist";
				PRODUCT_NAME = "$(TARGET_NAME)";
				WRAPPER_EXTENSION = octest;
			};
			name = Debug;
		};
		3EF2AD1E146A1CB50012AC16 /* Release */ = {
			isa = XCBuildConfiguration;
			buildSettings = {
				FRAMEWORK_SEARCH_PATHS = (
					"$(SDKROOT)/Developer/Library/Frameworks",
					"$(DEVELOPER_LIBRARY_DIR)/Frameworks",
				);
				GCC_PRECOMPILE_PREFIX_HEADER = YES;
				GCC_PREFIX_HEADER = "LPNKit/LPNKit-Prefix.pch";
				INFOPLIST_FILE = "LPNKitTests/LPNKitTests-Info.plist";
				PRODUCT_NAME = "$(TARGET_NAME)";
				WRAPPER_EXTENSION = octest;
			};
			name = Release;
		};
/* End XCBuildConfiguration section */

/* Begin XCConfigurationList section */
		3EF2ACEF146A1CB40012AC16 /* Build configuration list for PBXProject "LPNKit" */ = {
			isa = XCConfigurationList;
			buildConfigurations = (
				3EF2AD17146A1CB50012AC16 /* Debug */,
				3EF2AD18146A1CB50012AC16 /* Release */,
			);
			defaultConfigurationIsVisible = 0;
			defaultConfigurationName = Release;
		};
		3EF2AD19146A1CB50012AC16 /* Build configuration list for PBXNativeTarget "LPNKit" */ = {
			isa = XCConfigurationList;
			buildConfigurations = (
				3EF2AD1A146A1CB50012AC16 /* Debug */,
				3EF2AD1B146A1CB50012AC16 /* Release */,
			);
			defaultConfigurationIsVisible = 0;
			defaultConfigurationName = Release;
		};
		3EF2AD1C146A1CB50012AC16 /* Build configuration list for PBXNativeTarget "LPNKitTests" */ = {
			isa = XCConfigurationList;
			buildConfigurations = (
				3EF2AD1D146A1CB50012AC16 /* Debug */,
				3EF2AD1E146A1CB50012AC16 /* Release */,
			);
			defaultConfigurationIsVisible = 0;
			defaultConfigurationName = Release;
		};
/* End XCConfigurationList section */
	};
	rootObject = 3EF2ACEC146A1CB40012AC16 /* Project object */;
}
